
Microsoft Visual Studio Solution File, Format Version 12.00
# Visual Studio Version 17
VisualStudioVersion = 17.2.32616.157
MinimumVisualStudioVersion = 10.0.40219.1
Project("{9A19103F-16F7-4668-BE54-9A1E7A4F7556}") = "Lapka.Notification.Api", "Lapka.Notification.Api\Lapka.Notification.Api.csproj", "{246AA746-BDD0-477B-8797-E48CAD3D6307}"
EndProject
Project("{9A19103F-16F7-4668-BE54-9A1E7A4F7556}") = "Lapka.Notification.Application", "Lapka.Notification.Application\Lapka.Notification.Application.csproj", "{73CDE8C2-4CEC-4FD3-81DB-58863F189B78}"
EndProject
Project("{9A19103F-16F7-4668-BE54-9A1E7A4F7556}") = "Lapka.Notification.Core", "Lapka.Notification.Core\Lapka.Notification.Core.csproj", "{C53ACF69-1CFE-4E09-957F-FD87D1D0A17F}"
EndProject
Project("{9A19103F-16F7-4668-BE54-9A1E7A4F7556}") = "Lapka.Notification.Infrastructure", "Lapka.Notification.Infrastructure\Lapka.Notification.Infrastructure.csproj", "{36A1A052-D5F4-4D2F-89C2-5A05AA0A4F4C}"
EndProject
Global
	GlobalSection(SolutionConfigurationPlatforms) = preSolution
		Debug|Any CPU = Debug|Any CPU
		Release|Any CPU = Release|Any CPU
	EndGlobalSection
	GlobalSection(ProjectConfigurationPlatforms) = postSolution
		{246AA746-BDD0-477B-8797-E48CAD3D6307}.Debug|Any CPU.ActiveCfg = Debug|Any CPU
		{246AA746-BDD0-477B-8797-E48CAD3D6307}.Debug|Any CPU.Build.0 = Debug|Any CPU
		{246AA746-BDD0-477B-8797-E48CAD3D6307}.Release|Any CPU.ActiveCfg = Release|Any CPU
		{246AA746-BDD0-477B-8797-E48CAD3D6307}.Release|Any CPU.Build.0 = Release|Any CPU
		{73CDE8C2-4CEC-4FD3-81DB-58863F189B78}.Debug|Any CPU.ActiveCfg = Debug|Any CPU
		{73CDE8C2-4CEC-4FD3-81DB-58863F189B78}.Debug|Any CPU.Build.0 = Debug|Any CPU
		{73CDE8C2-4CEC-4FD3-81DB-58863F189B78}.Release|Any CPU.ActiveCfg = Release|Any CPU
		{73CDE8C2-4CEC-4FD3-81DB-58863F189B78}.Release|Any CPU.Build.0 = Release|Any CPU
		{C53ACF69-1CFE-4E09-957F-FD87D1D0A17F}.Debug|Any CPU.ActiveCfg = Debug|Any CPU
		{C53ACF69-1CFE-4E09-957F-FD87D1D0A17F}.Debug|Any CPU.Build.0 = Debug|Any CPU
		{C53ACF69-1CFE-4E09-957F-FD87D1D0A17F}.Release|Any CPU.ActiveCfg = Release|Any CPU
		{C53ACF69-1CFE-4E09-957F-FD87D1D0A17F}.Release|Any CPU.Build.0 = Release|Any CPU
		{36A1A052-D5F4-4D2F-89C2-5A05AA0A4F4C}.Debug|Any CPU.ActiveCfg = Debug|Any CPU
		{36A1A052-D5F4-4D2F-89C2-5A05AA0A4F4C}.Debug|Any CPU.Build.0 = Debug|Any CPU
		{36A1A052-D5F4-4D2F-89C2-5A05AA0A4F4C}.Release|Any CPU.ActiveCfg = Release|Any CPU
		{36A1A052-D5F4-4D2F-89C2-5A05AA0A4F4C}.Release|Any CPU.Build.0 = Release|Any CPU
	EndGlobalSection
	GlobalSection(SolutionProperties) = preSolution
		HideSolutionNode = FALSE
	EndGlobalSection
	GlobalSection(ExtensibilityGlobals) = postSolution
		SolutionGuid = {2AD021C6-C9F5-496E-AFD0-E97FC2EAD7A1}
	EndGlobalSection
EndGlobal
